// !$*UTF8*$!
{
	archiveVersion = 1;
	classes = {
	};
	objectVersion = 46;
	objects = {

/* Begin PBXBuildFile section */
		10B9823D1F4E85A2004619C3 /* main.cpp in Sources */ = {isa = PBXBuildFile; fileRef = 10B9823C1F4E85A2004619C3 /* main.cpp */; };
/* End PBXBuildFile section */

/* Begin PBXFileReference section */
		10B982391F4E85A2004619C3 /* tsp_random_search */ = {isa = PBXFileReference; explicitFileType = "compiled.mach-o.executable"; includeInIndex = 0; path = tsp_random_search; sourceTree = BUILT_PRODUCTS_DIR; };
		10B9823C1F4E85A2004619C3 /* main.cpp */ = {isa = PBXFileReference; lastKnownFileType = sourcecode.cpp.cpp; path = main.cpp; sourceTree = "<group>"; };
		10B9823F1F4E85A2004619C3 /* cute_image.jpg */ = {isa = PBXFileReference; lastKnownFileType = image.jpeg; path = cute_image.jpg; sourceTree = "<group>"; };
		10B982401F4E85A2004619C3 /* nice_music.ogg */ = {isa = PBXFileReference; lastKnownFileType = file; path = nice_music.ogg; sourceTree = "<group>"; };
		10B982411F4E85A2004619C3 /* sansation.ttf */ = {isa = PBXFileReference; lastKnownFileType = file; path = sansation.ttf; sourceTree = "<group>"; };
		10B982421F4E85A2004619C3 /* icon.png */ = {isa = PBXFileReference; lastKnownFileType = image.png; path = icon.png; sourceTree = "<group>"; };
/* End PBXFileReference section */

/* Begin PBXFrameworksBuildPhase section */
		10B982371F4E85A2004619C3 /* Frameworks */ = {
			isa = PBXFrameworksBuildPhase;
			buildActionMask = 2147483647;
			files = (
			);
			runOnlyForDeploymentPostprocessing = 0;
		};
/* End PBXFrameworksBuildPhase section */

/* Begin PBXGroup section */
		10B982311F4E85A2004619C3 = {
			isa = PBXGroup;
			children = (
				10B9823B1F4E85A2004619C3 /* tsp_random_search */,
				10B9823A1F4E85A2004619C3 /* Products */,
			);
			sourceTree = "<group>";
		};
		10B9823A1F4E85A2004619C3 /* Products */ = {
			isa = PBXGroup;
			children = (
				10B982391F4E85A2004619C3 /* tsp_random_search */,
			);
			name = Products;
			sourceTree = "<group>";
		};
		10B9823B1F4E85A2004619C3 /* tsp_random_search */ = {
			isa = PBXGroup;
			children = (
				10B9823C1F4E85A2004619C3 /* main.cpp */,
				10B9823E1F4E85A2004619C3 /* Resources */,
			);
			path = tsp_random_search;
			sourceTree = "<group>";
		};
		10B9823E1F4E85A2004619C3 /* Resources */ = {
			isa = PBXGroup;
			children = (
				10B9823F1F4E85A2004619C3 /* cute_image.jpg */,
				10B982401F4E85A2004619C3 /* nice_music.ogg */,
				10B982411F4E85A2004619C3 /* sansation.ttf */,
				10B982421F4E85A2004619C3 /* icon.png */,
			);
			name = Resources;
			sourceTree = "<group>";
		};
/* End PBXGroup section */

/* Begin PBXNativeTarget section */
		10B982381F4E85A2004619C3 /* tsp_random_search */ = {
			isa = PBXNativeTarget;
			buildConfigurationList = 10B982451F4E85A2004619C3 /* Build configuration list for PBXNativeTarget "tsp_random_search" */;
			buildPhases = (
				10B982361F4E85A2004619C3 /* Sources */,
				10B982371F4E85A2004619C3 /* Frameworks */,
			);
			buildRules = (
			);
			dependencies = (
			);
			name = tsp_random_search;
			productName = tsp_random_search;
			productReference = 10B982391F4E85A2004619C3 /* tsp_random_search */;
			productType = "com.apple.product-type.tool";
		};
/* End PBXNativeTarget section */

/* Begin PBXProject section */
		10B982321F4E85A2004619C3 /* Project object */ = {
			isa = PBXProject;
			attributes = {
				LastUpgradeCheck = 0830;
				ORGANIZATIONNAME = "Andrew Roberts";
				TargetAttributes = {
					10B982381F4E85A2004619C3 = {
						CreatedOnToolsVersion = 8.3.3;
						ProvisioningStyle = Automatic;
					};
				};
			};
			buildConfigurationList = 10B982351F4E85A2004619C3 /* Build configuration list for PBXProject "tsp_random_search" */;
			compatibilityVersion = "Xcode 3.2";
			developmentRegion = English;
			hasScannedForEncodings = 0;
			knownRegions = (
				en,
			);
			mainGroup = 10B982311F4E85A2004619C3;
			productRefGroup = 10B9823A1F4E85A2004619C3 /* Products */;
			projectDirPath = "";
			projectRoot = "";
			targets = (
				10B982381F4E85A2004619C3 /* tsp_random_search */,
			);
		};
/* End PBXProject section */

/* Begin PBXSourcesBuildPhase section */
		10B982361F4E85A2004619C3 /* Sources */ = {
			isa = PBXSourcesBuildPhase;
			buildActionMask = 2147483647;
			files = (
				10B9823D1F4E85A2004619C3 /* main.cpp in Sources */,
			);
			runOnlyForDeploymentPostprocessing = 0;
		};
/* End PBXSourcesBuildPhase section */

/* Begin XCBuildConfiguration section */
		10B982431F4E85A2004619C3 /* Debug */ = {
			isa = XCBuildConfiguration;
			buildSettings = {
				ARCHS = "$(NATIVE_ARCH_ACTUAL)";
				CLANG_CXX_LANGUAGE_STANDARD = "c++0x";
				CLANG_CXX_LIBRARY = "libc++";
				FRAMEWORK_SEARCH_PATHS = (
					/Library/Frameworks/,
					"$(inherited)",
				);
				GCC_VERSION = com.apple.compilers.llvm.clang.1_0;
				HEADER_SEARCH_PATHS = (
					/usr/local/include/,
					"$(inherited)",
				);
				LIBRARY_SEARCH_PATHS = (
					/usr/local/lib/,
					"$(inherited)",
				);
				MACOSX_DEPLOYMENT_TARGET = 10.7;
				OTHER_LDFLAGS = (
					"$(inherited)",
					"$(SFML_SYSTEM)",
					"$(SFML_WINDOW)",
					"$(SFML_GRAPHICS)",
					"$(SFML_AUDIO)",
					"$(SFML_NETWORK)",
				);
				SFML_AUDIO = "$(SFML_LINK_PREFIX) sfml-audio$(SFML_LINK_SUFFIX)";
				SFML_BINARY_TYPE = FRAMEWORKS;
				SFML_GRAPHICS = "$(SFML_LINK_PREFIX) sfml-graphics$(SFML_LINK_SUFFIX)";
				SFML_LINK_DYLIBS_PREFIX = "-l";
				SFML_LINK_DYLIBS_SUFFIX = "";
				SFML_LINK_FRAMEWORKS_PREFIX = "-framework";
				SFML_LINK_FRAMEWORKS_SUFFIX = "";
				SFML_LINK_PREFIX = "$(SFML_LINK_$(SFML_BINARY_TYPE)_PREFIX)";
				SFML_LINK_SUFFIX = "$(SFML_LINK_$(SFML_BINARY_TYPE)_SUFFIX)";
				SFML_NETWORK = "$(SFML_LINK_PREFIX) sfml-network$(SFML_LINK_SUFFIX)";
				SFML_SYSTEM = "$(SFML_LINK_PREFIX) sfml-system$(SFML_LINK_SUFFIX)";
				SFML_WINDOW = "$(SFML_LINK_PREFIX) sfml-window$(SFML_LINK_SUFFIX)";
				SUPPORTED_PLATFORMS = macosx;
			};
			name = Debug;
		};
		10B982441F4E85A2004619C3 /* Release */ = {
			isa = XCBuildConfiguration;
			buildSettings = {
				ARCHS = "$(NATIVE_ARCH_ACTUAL)";
				CLANG_CXX_LANGUAGE_STANDARD = "c++0x";
				CLANG_CXX_LIBRARY = "libc++";
				FRAMEWORK_SEARCH_PATHS = (
					/Library/Frameworks/,
					"$(inherited)",
				);
				GCC_VERSION = com.apple.compilers.llvm.clang.1_0;
				HEADER_SEARCH_PATHS = (
					/usr/local/include/,
					"$(inherited)",
				);
				LIBRARY_SEARCH_PATHS = (
					/usr/local/lib/,
					"$(inherited)",
				);
				MACOSX_DEPLOYMENT_TARGET = 10.7;
				OTHER_LDFLAGS = (
					"$(inherited)",
					"$(SFML_SYSTEM)",
					"$(SFML_WINDOW)",
					"$(SFML_GRAPHICS)",
					"$(SFML_AUDIO)",
					"$(SFML_NETWORK)",
				);
				SFML_AUDIO = "$(SFML_LINK_PREFIX) sfml-audio$(SFML_LINK_SUFFIX)";
				SFML_BINARY_TYPE = FRAMEWORKS;
				SFML_GRAPHICS = "$(SFML_LINK_PREFIX) sfml-graphics$(SFML_LINK_SUFFIX)";
				SFML_LINK_DYLIBS_PREFIX = "-l";
				SFML_LINK_DYLIBS_SUFFIX = "";
				SFML_LINK_FRAMEWORKS_PREFIX = "-framework";
				SFML_LINK_FRAMEWORKS_SUFFIX = "";
				SFML_LINK_PREFIX = "$(SFML_LINK_$(SFML_BINARY_TYPE)_PREFIX)";
				SFML_LINK_SUFFIX = "$(SFML_LINK_$(SFML_BINARY_TYPE)_SUFFIX)";
				SFML_NETWORK = "$(SFML_LINK_PREFIX) sfml-network$(SFML_LINK_SUFFIX)";
				SFML_SYSTEM = "$(SFML_LINK_PREFIX) sfml-system$(SFML_LINK_SUFFIX)";
				SFML_WINDOW = "$(SFML_LINK_PREFIX) sfml-window$(SFML_LINK_SUFFIX)";
				SUPPORTED_PLATFORMS = macosx;
			};
			name = Release;
		};
		10B982461F4E85A2004619C3 /* Debug */ = {
			isa = XCBuildConfiguration;
			buildSettings = {
				PRODUCT_NAME = "$(TARGET_NAME)";
			};
			name = Debug;
		};
		10B982471F4E85A2004619C3 /* Release */ = {
			isa = XCBuildConfiguration;
			buildSettings = {
				PRODUCT_NAME = "$(TARGET_NAME)";
			};
			name = Release;
		};
/* End XCBuildConfiguration section */

/* Begin XCConfigurationList section */
		10B982351F4E85A2004619C3 /* Build configuration list for PBXProject "tsp_random_search" */ = {
			isa = XCConfigurationList;
			buildConfigurations = (
				10B982431F4E85A2004619C3 /* Debug */,
				10B982441F4E85A2004619C3 /* Release */,
			);
			defaultConfigurationIsVisible = 0;
			defaultConfigurationName = Release;
		};
		10B982451F4E85A2004619C3 /* Build configuration list for PBXNativeTarget "tsp_random_search" */ = {
			isa = XCConfigurationList;
			buildConfigurations = (
				10B982461F4E85A2004619C3 /* Debug */,
				10B982471F4E85A2004619C3 /* Release */,
			);
			defaultConfigurationIsVisible = 0;
		};
/* End XCConfigurationList section */
	};
	rootObject = 10B982321F4E85A2004619C3 /* Project object */;
}
